
Microsoft Visual Studio Solution File, Format Version 12.00
# Visual Studio Version 16
VisualStudioVersion = 16.0.31205.134
MinimumVisualStudioVersion = 10.0.40219.1
Project("{9A19103F-16F7-4668-BE54-9A1E7A4F7556}") = "PhotoContest.Data", "PhotoContest\PhotoContest.Data.csproj", "{3498CCE9-807B-4BE7-9FF5-EA20C5D7FEF7}"
EndProject
Global
	GlobalSection(SolutionConfigurationPlatforms) = preSolution
		Debug|Any CPU = Debug|Any CPU
		Release|Any CPU = Release|Any CPU
	EndGlobalSection
	GlobalSection(ProjectConfigurationPlatforms) = postSolution
		{3498CCE9-807B-4BE7-9FF5-EA20C5D7FEF7}.Debug|Any CPU.ActiveCfg = Debug|Any CPU
		{3498CCE9-807B-4BE7-9FF5-EA20C5D7FEF7}.Debug|Any CPU.Build.0 = Debug|Any CPU
		{3498CCE9-807B-4BE7-9FF5-EA20C5D7FEF7}.Release|Any CPU.ActiveCfg = Release|Any CPU
		{3498CCE9-807B-4BE7-9FF5-EA20C5D7FEF7}.Release|Any CPU.Build.0 = Release|Any CPU
	EndGlobalSection
	GlobalSection(SolutionProperties) = preSolution
		HideSolutionNode = FALSE
	EndGlobalSection
	GlobalSection(ExtensibilityGlobals) = postSolution
		SolutionGuid = {5EB89E1B-2423-4014-90F9-47DC26BC19E9}
	EndGlobalSection
EndGlobal
